
Microsoft Visual Studio Solution File, Format Version 12.00
# Visual Studio Version 17
VisualStudioVersion = 17.0.31903.59
MinimumVisualStudioVersion = 10.0.40219.1
Project("{FAE04EC0-301F-11D3-BF4B-00C04F79EFBC}") = "Phagocyte", "Phagocyte.csproj", "{AAAAAAAA-BBBB-CCCC-DDDD-EEEEEEEEEEEE}"
EndProject
Global
	GlobalSection(SolutionConfigurationPlatforms) = preSolution
		Debug|Any CPU = Debug|Any CPU
		ExportDebug|Any CPU = ExportDebug|Any CPU
		ExportRelease|Any CPU = ExportRelease|Any CPU
	EndGlobalSection
	GlobalSection(ProjectConfigurationPlatforms) = postSolution
		{AAAAAAAA-BBBB-CCCC-DDDD-EEEEEEEEEEEE}.Debug|Any CPU.ActiveCfg = Debug|Any CPU
		{AAAAAAAA-BBBB-CCCC-DDDD-EEEEEEEEEEEE}.Debug|Any CPU.Build.0 = Debug|Any CPU
		{AAAAAAAA-BBBB-CCCC-DDDD-EEEEEEEEEEEE}.ExportDebug|Any CPU.ActiveCfg = ExportDebug|Any CPU
		{AAAAAAAA-BBBB-CCCC-DDDD-EEEEEEEEEEEE}.ExportDebug|Any CPU.Build.0 = ExportDebug|Any CPU
		{AAAAAAAA-BBBB-CCCC-DDDD-EEEEEEEEEEEE}.ExportRelease|Any CPU.ActiveCfg = ExportRelease|Any CPU
		{AAAAAAAA-BBBB-CCCC-DDDD-EEEEEEEEEEEE}.ExportRelease|Any CPU.Build.0 = ExportRelease|Any CPU
	EndGlobalSection
EndGlobal
